
Microsoft Visual Studio Solution File, Format Version 12.00
# Visual Studio Version 16
VisualStudioVersion = 16.0.30717.126
MinimumVisualStudioVersion = 10.0.40219.1
Project("{9A19103F-16F7-4668-BE54-9A1E7A4F7556}") = "AssessmentDemoWebAPI", "AssessmentDemoWebAPI\AssessmentDemoWebAPI.csproj", "{D2F1217B-7D15-4F68-99AC-1A91FEAC414E}"
EndProject
Project("{9A19103F-16F7-4668-BE54-9A1E7A4F7556}") = "AssessmentDemo.Foundation", "AssessmentDemo.Foundation\AssessmentDemo.Foundation.csproj", "{0F1D4CCD-7172-4083-98F8-9471E5E6E1A4}"
EndProject
Global
	GlobalSection(SolutionConfigurationPlatforms) = preSolution
		Debug|Any CPU = Debug|Any CPU
		Release|Any CPU = Release|Any CPU
	EndGlobalSection
	GlobalSection(ProjectConfigurationPlatforms) = postSolution
		{D2F1217B-7D15-4F68-99AC-1A91FEAC414E}.Debug|Any CPU.ActiveCfg = Debug|Any CPU
		{D2F1217B-7D15-4F68-99AC-1A91FEAC414E}.Debug|Any CPU.Build.0 = Debug|Any CPU
		{D2F1217B-7D15-4F68-99AC-1A91FEAC414E}.Release|Any CPU.ActiveCfg = Release|Any CPU
		{D2F1217B-7D15-4F68-99AC-1A91FEAC414E}.Release|Any CPU.Build.0 = Release|Any CPU
		{0F1D4CCD-7172-4083-98F8-9471E5E6E1A4}.Debug|Any CPU.ActiveCfg = Debug|Any CPU
		{0F1D4CCD-7172-4083-98F8-9471E5E6E1A4}.Debug|Any CPU.Build.0 = Debug|Any CPU
		{0F1D4CCD-7172-4083-98F8-9471E5E6E1A4}.Release|Any CPU.ActiveCfg = Release|Any CPU
		{0F1D4CCD-7172-4083-98F8-9471E5E6E1A4}.Release|Any CPU.Build.0 = Release|Any CPU
	EndGlobalSection
	GlobalSection(SolutionProperties) = preSolution
		HideSolutionNode = FALSE
	EndGlobalSection
	GlobalSection(ExtensibilityGlobals) = postSolution
		SolutionGuid = {200359E5-71B5-4636-9816-BDAD672F0C2E}
	EndGlobalSection
EndGlobal
